// !$*UTF8*$!
{
	archiveVersion = 1;
	classes = {
	};
	objectVersion = 46;
	objects = {

/* Begin PBXBuildFile section */
		FB1DFB4B1F28704500EDA670 /* AddProjectTableViewController.swift in Sources */ = {isa = PBXBuildFile; fileRef = FB1DFB4A1F28704500EDA670 /* AddProjectTableViewController.swift */; };
		FB1DFB571F28861600EDA670 /* Projects.swift in Sources */ = {isa = PBXBuildFile; fileRef = FB1DFB561F28861600EDA670 /* Projects.swift */; };
		FB2C445D1F2ED5A700099BDE /* Project.swift in Sources */ = {isa = PBXBuildFile; fileRef = FB2C445C1F2ED5A700099BDE /* Project.swift */; };
		FB2F4C3E1F58FB5200E7FD50 /* Crypto.m in Sources */ = {isa = PBXBuildFile; fileRef = FB2F4C3D1F58FB5200E7FD50 /* Crypto.m */; };
		FB592D911F24EE5B00FD6341 /* AppDelegate.swift in Sources */ = {isa = PBXBuildFile; fileRef = FB592D901F24EE5B00FD6341 /* AppDelegate.swift */; };
		FB592D961F24EE5B00FD6341 /* Main.storyboard in Resources */ = {isa = PBXBuildFile; fileRef = FB592D941F24EE5B00FD6341 /* Main.storyboard */; };
		FB592D981F24EE5B00FD6341 /* Assets.xcassets in Resources */ = {isa = PBXBuildFile; fileRef = FB592D971F24EE5B00FD6341 /* Assets.xcassets */; };
		FB6A3FC41F314F250093EE4C /* SavedProjectsTableViewController.swift in Sources */ = {isa = PBXBuildFile; fileRef = FB6A3FC31F314F250093EE4C /* SavedProjectsTableViewController.swift */; };
		FB6A3FC61F31FFE40093EE4C /* SavedProjectsTableViewCell.swift in Sources */ = {isa = PBXBuildFile; fileRef = FB6A3FC51F31FFE40093EE4C /* SavedProjectsTableViewCell.swift */; };
		FB6E17A91F6B51D400DDE5ED /* Project.swift in Sources */ = {isa = PBXBuildFile; fileRef = FB2C445C1F2ED5A700099BDE /* Project.swift */; };
		FB7ACA111F52CCCC001C587E /* AddedProjectsRowController.swift in Sources */ = {isa = PBXBuildFile; fileRef = FB7ACA0F1F52CCCC001C587E /* AddedProjectsRowController.swift */; };
		FB82E0021F525F37000BF19D /* Interface.storyboard in Resources */ = {isa = PBXBuildFile; fileRef = FB82E0001F525F37000BF19D /* Interface.storyboard */; };
		FB82E0041F525F37000BF19D /* Assets.xcassets in Resources */ = {isa = PBXBuildFile; fileRef = FB82E0031F525F37000BF19D /* Assets.xcassets */; };
		FB82E00B1F525F37000BF19D /* BOINC WatchKit App Extension.appex in Embed App Extensions */ = {isa = PBXBuildFile; fileRef = FB82E00A1F525F37000BF19D /* BOINC WatchKit App Extension.appex */; settings = {ATTRIBUTES = (RemoveHeadersOnCopy, ); }; };
		FB82E0101F525F37000BF19D /* InterfaceController.swift in Sources */ = {isa = PBXBuildFile; fileRef = FB82E00F1F525F37000BF19D /* InterfaceController.swift */; };
		FB82E0121F525F37000BF19D /* ExtensionDelegate.swift in Sources */ = {isa = PBXBuildFile; fileRef = FB82E0111F525F37000BF19D /* ExtensionDelegate.swift */; };
		FB82E0141F525F37000BF19D /* ComplicationController.swift in Sources */ = {isa = PBXBuildFile; fileRef = FB82E0131F525F37000BF19D /* ComplicationController.swift */; };
		FB82E0161F525F37000BF19D /* Assets.xcassets in Resources */ = {isa = PBXBuildFile; fileRef = FB82E0151F525F37000BF19D /* Assets.xcassets */; };
		FB82E01A1F525F37000BF19D /* BOINC WatchKit App.app in Embed Watch Content */ = {isa = PBXBuildFile; fileRef = FB82DFFE1F525F37000BF19D /* BOINC WatchKit App.app */; };
		FB8F83101F2965C900E82811 /* AddProjectTableViewCell.swift in Sources */ = {isa = PBXBuildFile; fileRef = FB8F830F1F2965C900E82811 /* AddProjectTableViewCell.swift */; };
		FB9ADEFB1F4109D0001A9FAB /* Parser.swift in Sources */ = {isa = PBXBuildFile; fileRef = FB9ADEFA1F4109D0001A9FAB /* Parser.swift */; };
		FBF06D1124F6482600737A86 /* LaunchScreen.storyboard in Resources */ = {isa = PBXBuildFile; fileRef = FBF06D1024F6482600737A86 /* LaunchScreen.storyboard */; };
		FBF1F8E81F2AF27C00158214 /* LoginViewController.swift in Sources */ = {isa = PBXBuildFile; fileRef = FBF1F8E71F2AF27B00158214 /* LoginViewController.swift */; };
		FBF1F8EB1F2B9FE300158214 /* Crypto.m in Sources */ = {isa = PBXBuildFile; fileRef = FBF1F8EA1F2B9FE300158214 /* Crypto.m */; };
/* End PBXBuildFile section */

/* Begin PBXContainerItemProxy section */
		FB82E00C1F525F37000BF19D /* PBXContainerItemProxy */ = {
			isa = PBXContainerItemProxy;
			containerPortal = FB592D851F24EE5A00FD6341 /* Project object */;
			proxyType = 1;
			remoteGlobalIDString = FB82E0091F525F37000BF19D;
			remoteInfo = "BOINC WatchKit App Extension";
		};
		FB82E0181F525F37000BF19D /* PBXContainerItemProxy */ = {
			isa = PBXContainerItemProxy;
			containerPortal = FB592D851F24EE5A00FD6341 /* Project object */;
			proxyType = 1;
			remoteGlobalIDString = FB82DFFD1F525F37000BF19D;
			remoteInfo = "BOINC WatchKit App";
		};
/* End PBXContainerItemProxy section */

/* Begin PBXCopyFilesBuildPhase section */
		FB592DDF1F24EE5B00FD6341 /* Embed Watch Content */ = {
			isa = PBXCopyFilesBuildPhase;
			buildActionMask = 2147483647;
			dstPath = "$(CONTENTS_FOLDER_PATH)/Watch";
			dstSubfolderSpec = 16;
			files = (
				FB82E01A1F525F37000BF19D /* BOINC WatchKit App.app in Embed Watch Content */,
			);
			name = "Embed Watch Content";
			runOnlyForDeploymentPostprocessing = 0;
		};
		FB82E0201F525F37000BF19D /* Embed App Extensions */ = {
			isa = PBXCopyFilesBuildPhase;
			buildActionMask = 2147483647;
			dstPath = "";
			dstSubfolderSpec = 13;
			files = (
				FB82E00B1F525F37000BF19D /* BOINC WatchKit App Extension.appex in Embed App Extensions */,
			);
			name = "Embed App Extensions";
			runOnlyForDeploymentPostprocessing = 0;
		};
/* End PBXCopyFilesBuildPhase section */

/* Begin PBXFileReference section */
		FB0BEB2C241FB3E100E72FE9 /* zh-Hans */ = {isa = PBXFileReference; lastKnownFileType = text.plist.strings; name = "zh-Hans"; path = "zh-Hans.lproj/Main.strings"; sourceTree = "<group>"; };
		FB0BEB2E241FB3E200E72FE9 /* zh-Hans */ = {isa = PBXFileReference; lastKnownFileType = text.plist.strings; name = "zh-Hans"; path = "zh-Hans.lproj/Interface.strings"; sourceTree = "<group>"; };
		FB1DFB4A1F28704500EDA670 /* AddProjectTableViewController.swift */ = {isa = PBXFileReference; lastKnownFileType = sourcecode.swift; path = AddProjectTableViewController.swift; sourceTree = "<group>"; };
		FB1DFB561F28861600EDA670 /* Projects.swift */ = {isa = PBXFileReference; lastKnownFileType = sourcecode.swift; path = Projects.swift; sourceTree = "<group>"; };
		FB2C445C1F2ED5A700099BDE /* Project.swift */ = {isa = PBXFileReference; lastKnownFileType = sourcecode.swift; path = Project.swift; sourceTree = "<group>"; };
		FB2F4C3C1F58FB5200E7FD50 /* BOINC WatchKit App Extension-Bridging-Header.h */ = {isa = PBXFileReference; lastKnownFileType = sourcecode.c.h; path = "BOINC WatchKit App Extension-Bridging-Header.h"; sourceTree = "<group>"; };
		FB2F4C3D1F58FB5200E7FD50 /* Crypto.m */ = {isa = PBXFileReference; lastKnownFileType = sourcecode.c.objc; path = Crypto.m; sourceTree = "<group>"; };
		FB592D8D1F24EE5A00FD6341 /* BOINC.app */ = {isa = PBXFileReference; explicitFileType = wrapper.application; includeInIndex = 0; path = BOINC.app; sourceTree = BUILT_PRODUCTS_DIR; };
		FB592D901F24EE5B00FD6341 /* AppDelegate.swift */ = {isa = PBXFileReference; lastKnownFileType = sourcecode.swift; path = AppDelegate.swift; sourceTree = "<group>"; };
		FB592D951F24EE5B00FD6341 /* Base */ = {isa = PBXFileReference; lastKnownFileType = file.storyboard; name = Base; path = Base.lproj/Main.storyboard; sourceTree = "<group>"; };
		FB592D971F24EE5B00FD6341 /* Assets.xcassets */ = {isa = PBXFileReference; lastKnownFileType = folder.assetcatalog; path = Assets.xcassets; sourceTree = "<group>"; };
		FB592D9C1F24EE5B00FD6341 /* Info.plist */ = {isa = PBXFileReference; lastKnownFileType = text.plist.xml; path = Info.plist; sourceTree = "<group>"; };
		FB6A3FC31F314F250093EE4C /* SavedProjectsTableViewController.swift */ = {isa = PBXFileReference; lastKnownFileType = sourcecode.swift; path = SavedProjectsTableViewController.swift; sourceTree = "<group>"; };
		FB6A3FC51F31FFE40093EE4C /* SavedProjectsTableViewCell.swift */ = {isa = PBXFileReference; lastKnownFileType = sourcecode.swift; path = SavedProjectsTableViewCell.swift; sourceTree = "<group>"; };
		FB78AE9C2420E1A2002EE3B3 /* zh-Hant */ = {isa = PBXFileReference; lastKnownFileType = text.plist.strings; name = "zh-Hant"; path = "zh-Hant.lproj/Main.strings"; sourceTree = "<group>"; };
		FB78AE9D2420E1A2002EE3B3 /* zh-Hant */ = {isa = PBXFileReference; lastKnownFileType = text.plist.strings; name = "zh-Hant"; path = "zh-Hant.lproj/Interface.strings"; sourceTree = "<group>"; };
		FB7ACA0F1F52CCCC001C587E /* AddedProjectsRowController.swift */ = {isa = PBXFileReference; lastKnownFileType = sourcecode.swift; path = AddedProjectsRowController.swift; sourceTree = "<group>"; };
		FB82DFFE1F525F37000BF19D /* BOINC WatchKit App.app */ = {isa = PBXFileReference; explicitFileType = wrapper.application; includeInIndex = 0; path = "BOINC WatchKit App.app"; sourceTree = BUILT_PRODUCTS_DIR; };
		FB82E0011F525F37000BF19D /* Base */ = {isa = PBXFileReference; lastKnownFileType = file.storyboard; name = Base; path = Base.lproj/Interface.storyboard; sourceTree = "<group>"; };
		FB82E0031F525F37000BF19D /* Assets.xcassets */ = {isa = PBXFileReference; lastKnownFileType = folder.assetcatalog; path = Assets.xcassets; sourceTree = "<group>"; };
		FB82E0051F525F37000BF19D /* Info.plist */ = {isa = PBXFileReference; lastKnownFileType = text.plist.xml; path = Info.plist; sourceTree = "<group>"; };
		FB82E00A1F525F37000BF19D /* BOINC WatchKit App Extension.appex */ = {isa = PBXFileReference; explicitFileType = "wrapper.app-extension"; includeInIndex = 0; path = "BOINC WatchKit App Extension.appex"; sourceTree = BUILT_PRODUCTS_DIR; };
		FB82E00F1F525F37000BF19D /* InterfaceController.swift */ = {isa = PBXFileReference; lastKnownFileType = sourcecode.swift; path = InterfaceController.swift; sourceTree = "<group>"; };
		FB82E0111F525F37000BF19D /* ExtensionDelegate.swift */ = {isa = PBXFileReference; lastKnownFileType = sourcecode.swift; path = ExtensionDelegate.swift; sourceTree = "<group>"; };
		FB82E0131F525F37000BF19D /* ComplicationController.swift */ = {isa = PBXFileReference; lastKnownFileType = sourcecode.swift; path = ComplicationController.swift; sourceTree = "<group>"; };
		FB82E0151F525F37000BF19D /* Assets.xcassets */ = {isa = PBXFileReference; lastKnownFileType = folder.assetcatalog; path = Assets.xcassets; sourceTree = "<group>"; };
		FB82E0171F525F37000BF19D /* Info.plist */ = {isa = PBXFileReference; lastKnownFileType = text.plist.xml; path = Info.plist; sourceTree = "<group>"; };
		FB8F830F1F2965C900E82811 /* AddProjectTableViewCell.swift */ = {isa = PBXFileReference; lastKnownFileType = sourcecode.swift; path = AddProjectTableViewCell.swift; sourceTree = "<group>"; };
		FB9ADEFA1F4109D0001A9FAB /* Parser.swift */ = {isa = PBXFileReference; lastKnownFileType = sourcecode.swift; path = Parser.swift; sourceTree = "<group>"; };
		FBF06D1024F6482600737A86 /* LaunchScreen.storyboard */ = {isa = PBXFileReference; lastKnownFileType = file.storyboard; path = LaunchScreen.storyboard; sourceTree = "<group>"; };
		FBF1F8E71F2AF27B00158214 /* LoginViewController.swift */ = {isa = PBXFileReference; lastKnownFileType = sourcecode.swift; path = LoginViewController.swift; sourceTree = "<group>"; };
		FBF1F8E91F2B9FE300158214 /* BOINC-Bridging-Header.h */ = {isa = PBXFileReference; lastKnownFileType = sourcecode.c.h; path = "BOINC-Bridging-Header.h"; sourceTree = "<group>"; };
		FBF1F8EA1F2B9FE300158214 /* Crypto.m */ = {isa = PBXFileReference; lastKnownFileType = sourcecode.c.objc; path = Crypto.m; sourceTree = "<group>"; };
/* End PBXFileReference section */

/* Begin PBXFrameworksBuildPhase section */
		FB592D8A1F24EE5A00FD6341 /* Frameworks */ = {
			isa = PBXFrameworksBuildPhase;
			buildActionMask = 2147483647;
			files = (
			);
			runOnlyForDeploymentPostprocessing = 0;
		};
		FB82E0071F525F37000BF19D /* Frameworks */ = {
			isa = PBXFrameworksBuildPhase;
			buildActionMask = 2147483647;
			files = (
			);
			runOnlyForDeploymentPostprocessing = 0;
		};
/* End PBXFrameworksBuildPhase section */

/* Begin PBXGroup section */
		FB592D841F24EE5A00FD6341 = {
			isa = PBXGroup;
			children = (
				FB592D8F1F24EE5A00FD6341 /* BOINC */,
				FB82DFFF1F525F37000BF19D /* BOINC WatchKit App */,
				FB82E00E1F525F37000BF19D /* BOINC WatchKit App Extension */,
				FB592D8E1F24EE5A00FD6341 /* Products */,
			);
			sourceTree = "<group>";
		};
		FB592D8E1F24EE5A00FD6341 /* Products */ = {
			isa = PBXGroup;
			children = (
				FB592D8D1F24EE5A00FD6341 /* BOINC.app */,
				FB82DFFE1F525F37000BF19D /* BOINC WatchKit App.app */,
				FB82E00A1F525F37000BF19D /* BOINC WatchKit App Extension.appex */,
			);
			name = Products;
			sourceTree = "<group>";
		};
		FB592D8F1F24EE5A00FD6341 /* BOINC */ = {
			isa = PBXGroup;
			children = (
				FB592D901F24EE5B00FD6341 /* AppDelegate.swift */,
				FB1DFB561F28861600EDA670 /* Projects.swift */,
				FB2C445C1F2ED5A700099BDE /* Project.swift */,
				FBF1F8E71F2AF27B00158214 /* LoginViewController.swift */,
				FB9ADEFA1F4109D0001A9FAB /* Parser.swift */,
				FB6A3FC51F31FFE40093EE4C /* SavedProjectsTableViewCell.swift */,
				FB6A3FC31F314F250093EE4C /* SavedProjectsTableViewController.swift */,
				FB8F830F1F2965C900E82811 /* AddProjectTableViewCell.swift */,
				FB1DFB4A1F28704500EDA670 /* AddProjectTableViewController.swift */,
				FB592D941F24EE5B00FD6341 /* Main.storyboard */,
				FBF06D1024F6482600737A86 /* LaunchScreen.storyboard */,
				FB592D971F24EE5B00FD6341 /* Assets.xcassets */,
				FB592D9C1F24EE5B00FD6341 /* Info.plist */,
				FBF1F8E91F2B9FE300158214 /* BOINC-Bridging-Header.h */,
				FBF1F8EA1F2B9FE300158214 /* Crypto.m */,
			);
			path = BOINC;
			sourceTree = "<group>";
		};
		FB82DFFF1F525F37000BF19D /* BOINC WatchKit App */ = {
			isa = PBXGroup;
			children = (
				FB82E0001F525F37000BF19D /* Interface.storyboard */,
				FB82E0031F525F37000BF19D /* Assets.xcassets */,
				FB82E0051F525F37000BF19D /* Info.plist */,
			);
			path = "BOINC WatchKit App";
			sourceTree = "<group>";
		};
		FB82E00E1F525F37000BF19D /* BOINC WatchKit App Extension */ = {
			isa = PBXGroup;
			children = (
				FB82E0111F525F37000BF19D /* ExtensionDelegate.swift */,
				FB82E00F1F525F37000BF19D /* InterfaceController.swift */,
				FB7ACA0F1F52CCCC001C587E /* AddedProjectsRowController.swift */,
				FB82E0131F525F37000BF19D /* ComplicationController.swift */,
				FB82E0151F525F37000BF19D /* Assets.xcassets */,
				FB82E0171F525F37000BF19D /* Info.plist */,
				FB2F4C3C1F58FB5200E7FD50 /* BOINC WatchKit App Extension-Bridging-Header.h */,
				FB2F4C3D1F58FB5200E7FD50 /* Crypto.m */,
			);
			path = "BOINC WatchKit App Extension";
			sourceTree = "<group>";
		};
/* End PBXGroup section */

/* Begin PBXNativeTarget section */
		FB592D8C1F24EE5A00FD6341 /* BOINC */ = {
			isa = PBXNativeTarget;
			buildConfigurationList = FB592DE01F24EE5B00FD6341 /* Build configuration list for PBXNativeTarget "BOINC" */;
			buildPhases = (
				FB592D891F24EE5A00FD6341 /* Sources */,
				FB592D8A1F24EE5A00FD6341 /* Frameworks */,
				FB592D8B1F24EE5A00FD6341 /* Resources */,
				FB592DDF1F24EE5B00FD6341 /* Embed Watch Content */,
			);
			buildRules = (
			);
			dependencies = (
				FB82E0191F525F37000BF19D /* PBXTargetDependency */,
			);
			name = BOINC;
			productName = BOINC;
			productReference = FB592D8D1F24EE5A00FD6341 /* BOINC.app */;
			productType = "com.apple.product-type.application";
		};
		FB82DFFD1F525F37000BF19D /* BOINC WatchKit App */ = {
			isa = PBXNativeTarget;
			buildConfigurationList = FB82E0211F525F37000BF19D /* Build configuration list for PBXNativeTarget "BOINC WatchKit App" */;
			buildPhases = (
				FB82DFFC1F525F37000BF19D /* Resources */,
				FB82E0201F525F37000BF19D /* Embed App Extensions */,
			);
			buildRules = (
			);
			dependencies = (
				FB82E00D1F525F37000BF19D /* PBXTargetDependency */,
			);
			name = "BOINC WatchKit App";
			productName = "BOINC WatchKit App";
			productReference = FB82DFFE1F525F37000BF19D /* BOINC WatchKit App.app */;
			productType = "com.apple.product-type.application.watchapp2";
		};
		FB82E0091F525F37000BF19D /* BOINC WatchKit App Extension */ = {
			isa = PBXNativeTarget;
			buildConfigurationList = FB82E01F1F525F37000BF19D /* Build configuration list for PBXNativeTarget "BOINC WatchKit App Extension" */;
			buildPhases = (
				FB82E0061F525F37000BF19D /* Sources */,
				FB82E0071F525F37000BF19D /* Frameworks */,
				FB82E0081F525F37000BF19D /* Resources */,
			);
			buildRules = (
			);
			dependencies = (
			);
			name = "BOINC WatchKit App Extension";
			productName = "BOINC WatchKit App Extension";
			productReference = FB82E00A1F525F37000BF19D /* BOINC WatchKit App Extension.appex */;
			productType = "com.apple.product-type.watchkit2-extension";
		};
/* End PBXNativeTarget section */

/* Begin PBXProject section */
		FB592D851F24EE5A00FD6341 /* Project object */ = {
			isa = PBXProject;
			attributes = {
				LastSwiftUpdateCheck = 0830;
				LastUpgradeCheck = 1120;
				ORGANIZATIONNAME = "Austin Conlon";
				TargetAttributes = {
					FB592D8C1F24EE5A00FD6341 = {
						CreatedOnToolsVersion = 8.3.3;
						DevelopmentTeam = AV84QJNZ49;
						LastSwiftMigration = 1120;
						ProvisioningStyle = Automatic;
					};
					FB82DFFD1F525F37000BF19D = {
						CreatedOnToolsVersion = 8.3.3;
						DevelopmentTeam = AV84QJNZ49;
						LastSwiftMigration = 0900;
						ProvisioningStyle = Automatic;
					};
					FB82E0091F525F37000BF19D = {
						CreatedOnToolsVersion = 8.3.3;
						DevelopmentTeam = AV84QJNZ49;
						LastSwiftMigration = 1120;
						ProvisioningStyle = Automatic;
					};
				};
			};
			buildConfigurationList = FB592D881F24EE5A00FD6341 /* Build configuration list for PBXProject "BOINC" */;
			compatibilityVersion = "Xcode 3.2";
			developmentRegion = en;
			hasScannedForEncodings = 0;
			knownRegions = (
				en,
				Base,
				"zh-Hans",
				"zh-Hant",
			);
			mainGroup = FB592D841F24EE5A00FD6341;
			productRefGroup = FB592D8E1F24EE5A00FD6341 /* Products */;
			projectDirPath = "";
			projectRoot = "";
			targets = (
				FB592D8C1F24EE5A00FD6341 /* BOINC */,
				FB82DFFD1F525F37000BF19D /* BOINC WatchKit App */,
				FB82E0091F525F37000BF19D /* BOINC WatchKit App Extension */,
			);
		};
/* End PBXProject section */

/* Begin PBXResourcesBuildPhase section */
		FB592D8B1F24EE5A00FD6341 /* Resources */ = {
			isa = PBXResourcesBuildPhase;
			buildActionMask = 2147483647;
			files = (
				FBF06D1124F6482600737A86 /* LaunchScreen.storyboard in Resources */,
				FB592D981F24EE5B00FD6341 /* Assets.xcassets in Resources */,
				FB592D961F24EE5B00FD6341 /* Main.storyboard in Resources */,
			);
			runOnlyForDeploymentPostprocessing = 0;
		};
		FB82DFFC1F525F37000BF19D /* Resources */ = {
			isa = PBXResourcesBuildPhase;
			buildActionMask = 2147483647;
			files = (
				FB82E0041F525F37000BF19D /* Assets.xcassets in Resources */,
				FB82E0021F525F37000BF19D /* Interface.storyboard in Resources */,
			);
			runOnlyForDeploymentPostprocessing = 0;
		};
		FB82E0081F525F37000BF19D /* Resources */ = {
			isa = PBXResourcesBuildPhase;
			buildActionMask = 2147483647;
			files = (
				FB82E0161F525F37000BF19D /* Assets.xcassets in Resources */,
			);
			runOnlyForDeploymentPostprocessing = 0;
		};
/* End PBXResourcesBuildPhase section */

/* Begin PBXSourcesBuildPhase section */
		FB592D891F24EE5A00FD6341 /* Sources */ = {
			isa = PBXSourcesBuildPhase;
			buildActionMask = 2147483647;
			files = (
				FBF1F8E81F2AF27C00158214 /* LoginViewController.swift in Sources */,
				FB1DFB571F28861600EDA670 /* Projects.swift in Sources */,
				FB9ADEFB1F4109D0001A9FAB /* Parser.swift in Sources */,
				FB592D911F24EE5B00FD6341 /* AppDelegate.swift in Sources */,
				FB1DFB4B1F28704500EDA670 /* AddProjectTableViewController.swift in Sources */,
				FB6A3FC41F314F250093EE4C /* SavedProjectsTableViewController.swift in Sources */,
				FBF1F8EB1F2B9FE300158214 /* Crypto.m in Sources */,
				FB2C445D1F2ED5A700099BDE /* Project.swift in Sources */,
				FB6A3FC61F31FFE40093EE4C /* SavedProjectsTableViewCell.swift in Sources */,
				FB8F83101F2965C900E82811 /* AddProjectTableViewCell.swift in Sources */,
			);
			runOnlyForDeploymentPostprocessing = 0;
		};
		FB82E0061F525F37000BF19D /* Sources */ = {
			isa = PBXSourcesBuildPhase;
			buildActionMask = 2147483647;
			files = (
				FB2F4C3E1F58FB5200E7FD50 /* Crypto.m in Sources */,
				FB82E0121F525F37000BF19D /* ExtensionDelegate.swift in Sources */,
				FB82E0101F525F37000BF19D /* InterfaceController.swift in Sources */,
				FB7ACA111F52CCCC001C587E /* AddedProjectsRowController.swift in Sources */,
				FB82E0141F525F37000BF19D /* ComplicationController.swift in Sources */,
				FB6E17A91F6B51D400DDE5ED /* Project.swift in Sources */,
			);
			runOnlyForDeploymentPostprocessing = 0;
		};
/* End PBXSourcesBuildPhase section */

/* Begin PBXTargetDependency section */
		FB82E00D1F525F37000BF19D /* PBXTargetDependency */ = {
			isa = PBXTargetDependency;
			target = FB82E0091F525F37000BF19D /* BOINC WatchKit App Extension */;
			targetProxy = FB82E00C1F525F37000BF19D /* PBXContainerItemProxy */;
		};
		FB82E0191F525F37000BF19D /* PBXTargetDependency */ = {
			isa = PBXTargetDependency;
			target = FB82DFFD1F525F37000BF19D /* BOINC WatchKit App */;
			targetProxy = FB82E0181F525F37000BF19D /* PBXContainerItemProxy */;
		};
/* End PBXTargetDependency section */

/* Begin PBXVariantGroup section */
		FB592D941F24EE5B00FD6341 /* Main.storyboard */ = {
			isa = PBXVariantGroup;
			children = (
				FB592D951F24EE5B00FD6341 /* Base */,
				FB0BEB2C241FB3E100E72FE9 /* zh-Hans */,
				FB78AE9C2420E1A2002EE3B3 /* zh-Hant */,
			);
			name = Main.storyboard;
			sourceTree = "<group>";
		};
		FB82E0001F525F37000BF19D /* Interface.storyboard */ = {
			isa = PBXVariantGroup;
			children = (
				FB82E0011F525F37000BF19D /* Base */,
				FB0BEB2E241FB3E200E72FE9 /* zh-Hans */,
				FB78AE9D2420E1A2002EE3B3 /* zh-Hant */,
			);
			name = Interface.storyboard;
			sourceTree = "<group>";
		};
/* End PBXVariantGroup section */

/* Begin XCBuildConfiguration section */
		FB592DD61F24EE5B00FD6341 /* Debug */ = {
			isa = XCBuildConfiguration;
			buildSettings = {
				ALWAYS_SEARCH_USER_PATHS = NO;
				CLANG_ANALYZER_LOCALIZABILITY_NONLOCALIZED = YES;
				CLANG_ANALYZER_NONNULL = YES;
				CLANG_ANALYZER_NUMBER_OBJECT_CONVERSION = YES_AGGRESSIVE;
				CLANG_CXX_LANGUAGE_STANDARD = "gnu++0x";
				CLANG_CXX_LIBRARY = "libc++";
				CLANG_ENABLE_MODULES = YES;
				CLANG_ENABLE_OBJC_ARC = YES;
				CLANG_WARN_BLOCK_CAPTURE_AUTORELEASING = YES;
				CLANG_WARN_BOOL_CONVERSION = YES;
				CLANG_WARN_COMMA = YES;
				CLANG_WARN_CONSTANT_CONVERSION = YES;
				CLANG_WARN_DEPRECATED_OBJC_IMPLEMENTATIONS = YES;
				CLANG_WARN_DIRECT_OBJC_ISA_USAGE = YES_ERROR;
				CLANG_WARN_DOCUMENTATION_COMMENTS = YES;
				CLANG_WARN_EMPTY_BODY = YES;
				CLANG_WARN_ENUM_CONVERSION = YES;
				CLANG_WARN_INFINITE_RECURSION = YES;
				CLANG_WARN_INT_CONVERSION = YES;
				CLANG_WARN_NON_LITERAL_NULL_CONVERSION = YES;
				CLANG_WARN_OBJC_IMPLICIT_RETAIN_SELF = YES;
				CLANG_WARN_OBJC_LITERAL_CONVERSION = YES;
				CLANG_WARN_OBJC_ROOT_CLASS = YES_ERROR;
				CLANG_WARN_RANGE_LOOP_ANALYSIS = YES;
				CLANG_WARN_STRICT_PROTOTYPES = YES;
				CLANG_WARN_SUSPICIOUS_MOVE = YES;
				CLANG_WARN_UNREACHABLE_CODE = YES;
				CLANG_WARN__DUPLICATE_METHOD_MATCH = YES;
				"CODE_SIGN_IDENTITY[sdk=iphoneos*]" = "iPhone Developer";
				COPY_PHASE_STRIP = NO;
				DEBUG_INFORMATION_FORMAT = dwarf;
				ENABLE_STRICT_OBJC_MSGSEND = YES;
				ENABLE_TESTABILITY = YES;
				GCC_C_LANGUAGE_STANDARD = gnu99;
				GCC_DYNAMIC_NO_PIC = NO;
				GCC_NO_COMMON_BLOCKS = YES;
				GCC_OPTIMIZATION_LEVEL = 0;
				GCC_PREPROCESSOR_DEFINITIONS = (
					"DEBUG=1",
					"$(inherited)",
				);
				GCC_WARN_64_TO_32_BIT_CONVERSION = YES;
				GCC_WARN_ABOUT_RETURN_TYPE = YES_ERROR;
				GCC_WARN_UNDECLARED_SELECTOR = YES;
				GCC_WARN_UNINITIALIZED_AUTOS = YES_AGGRESSIVE;
				GCC_WARN_UNUSED_FUNCTION = YES;
				GCC_WARN_UNUSED_VARIABLE = YES;
				IPHONEOS_DEPLOYMENT_TARGET = 8.0;
				MTL_ENABLE_DEBUG_INFO = YES;
				ONLY_ACTIVE_ARCH = YES;
				SDKROOT = iphoneos;
				SWIFT_ACTIVE_COMPILATION_CONDITIONS = DEBUG;
				SWIFT_OPTIMIZATION_LEVEL = "-Onone";
				TARGETED_DEVICE_FAMILY = "1,2";
			};
			name = Debug;
		};
		FB592DD71F24EE5B00FD6341 /* Release */ = {
			isa = XCBuildConfiguration;
			buildSettings = {
				ALWAYS_SEARCH_USER_PATHS = NO;
				CLANG_ANALYZER_LOCALIZABILITY_NONLOCALIZED = YES;
				CLANG_ANALYZER_NONNULL = YES;
				CLANG_ANALYZER_NUMBER_OBJECT_CONVERSION = YES_AGGRESSIVE;
				CLANG_CXX_LANGUAGE_STANDARD = "gnu++0x";
				CLANG_CXX_LIBRARY = "libc++";
				CLANG_ENABLE_MODULES = YES;
				CLANG_ENABLE_OBJC_ARC = YES;
				CLANG_WARN_BLOCK_CAPTURE_AUTORELEASING = YES;
				CLANG_WARN_BOOL_CONVERSION = YES;
				CLANG_WARN_COMMA = YES;
				CLANG_WARN_CONSTANT_CONVERSION = YES;
				CLANG_WARN_DEPRECATED_OBJC_IMPLEMENTATIONS = YES;
				CLANG_WARN_DIRECT_OBJC_ISA_USAGE = YES_ERROR;
				CLANG_WARN_DOCUMENTATION_COMMENTS = YES;
				CLANG_WARN_EMPTY_BODY = YES;
				CLANG_WARN_ENUM_CONVERSION = YES;
				CLANG_WARN_INFINITE_RECURSION = YES;
				CLANG_WARN_INT_CONVERSION = YES;
				CLANG_WARN_NON_LITERAL_NULL_CONVERSION = YES;
				CLANG_WARN_OBJC_IMPLICIT_RETAIN_SELF = YES;
				CLANG_WARN_OBJC_LITERAL_CONVERSION = YES;
				CLANG_WARN_OBJC_ROOT_CLASS = YES_ERROR;
				CLANG_WARN_RANGE_LOOP_ANALYSIS = YES;
				CLANG_WARN_STRICT_PROTOTYPES = YES;
				CLANG_WARN_SUSPICIOUS_MOVE = YES;
				CLANG_WARN_UNREACHABLE_CODE = YES;
				CLANG_WARN__DUPLICATE_METHOD_MATCH = YES;
				"CODE_SIGN_IDENTITY[sdk=iphoneos*]" = "iPhone Developer";
				COPY_PHASE_STRIP = NO;
				DEBUG_INFORMATION_FORMAT = "dwarf-with-dsym";
				ENABLE_NS_ASSERTIONS = NO;
				ENABLE_STRICT_OBJC_MSGSEND = YES;
				GCC_C_LANGUAGE_STANDARD = gnu99;
				GCC_NO_COMMON_BLOCKS = YES;
				GCC_WARN_64_TO_32_BIT_CONVERSION = YES;
				GCC_WARN_ABOUT_RETURN_TYPE = YES_ERROR;
				GCC_WARN_UNDECLARED_SELECTOR = YES;
				GCC_WARN_UNINITIALIZED_AUTOS = YES_AGGRESSIVE;
				GCC_WARN_UNUSED_FUNCTION = YES;
				GCC_WARN_UNUSED_VARIABLE = YES;
				IPHONEOS_DEPLOYMENT_TARGET = 8.0;
				MTL_ENABLE_DEBUG_INFO = NO;
				SDKROOT = iphoneos;
				SWIFT_OPTIMIZATION_LEVEL = "-Owholemodule";
				TARGETED_DEVICE_FAMILY = "1,2";
				VALIDATE_PRODUCT = YES;
			};
			name = Release;
		};
		FB592DE11F24EE5B00FD6341 /* Debug */ = {
			isa = XCBuildConfiguration;
			buildSettings = {
				ASSETCATALOG_COMPILER_APPICON_NAME = AppIcon;
				CLANG_ENABLE_MODULES = YES;
				DEVELOPMENT_TEAM = AV84QJNZ49;
				INFOPLIST_FILE = BOINC/Info.plist;
				IPHONEOS_DEPLOYMENT_TARGET = 10.0;
				LD_RUNPATH_SEARCH_PATHS = "$(inherited) @executable_path/Frameworks";
				MARKETING_VERSION = 1.29;
				PRODUCT_BUNDLE_IDENTIFIER = "com.Austin-Conlon-BOINC";
				PRODUCT_NAME = "$(TARGET_NAME)";
				SWIFT_OBJC_BRIDGING_HEADER = "BOINC/BOINC-Bridging-Header.h";
				SWIFT_OPTIMIZATION_LEVEL = "-Onone";
				SWIFT_SWIFT3_OBJC_INFERENCE = On;
				SWIFT_VERSION = 5.0;
			};
			name = Debug;
		};
		FB592DE21F24EE5B00FD6341 /* Release */ = {
			isa = XCBuildConfiguration;
			buildSettings = {
				ASSETCATALOG_COMPILER_APPICON_NAME = AppIcon;
				CLANG_ENABLE_MODULES = YES;
				DEVELOPMENT_TEAM = AV84QJNZ49;
				INFOPLIST_FILE = BOINC/Info.plist;
				IPHONEOS_DEPLOYMENT_TARGET = 10.0;
				LD_RUNPATH_SEARCH_PATHS = "$(inherited) @executable_path/Frameworks";
				MARKETING_VERSION = 1.29;
				PRODUCT_BUNDLE_IDENTIFIER = "com.Austin-Conlon-BOINC";
				PRODUCT_NAME = "$(TARGET_NAME)";
				SWIFT_OBJC_BRIDGING_HEADER = "BOINC/BOINC-Bridging-Header.h";
				SWIFT_SWIFT3_OBJC_INFERENCE = On;
				SWIFT_VERSION = 5.0;
			};
			name = Release;
		};
		FB82E01B1F525F37000BF19D /* Debug */ = {
			isa = XCBuildConfiguration;
			buildSettings = {
				ALWAYS_EMBED_SWIFT_STANDARD_LIBRARIES = YES;
				ASSETCATALOG_COMPILER_APPICON_NAME = AppIcon;
				CLANG_ENABLE_MODULES = YES;
				DEVELOPMENT_TEAM = AV84QJNZ49;
				IBSC_MODULE = BOINC_WatchKit_App_Extension;
				INFOPLIST_FILE = "BOINC WatchKit App/Info.plist";
				LD_RUNPATH_SEARCH_PATHS = "$(inherited) @executable_path/../Frameworks @loader_path/../Frameworks";
				MARKETING_VERSION = 1.29;
				PRODUCT_BUNDLE_IDENTIFIER = "com.Austin-Conlon-BOINC.watchkitapp";
				PRODUCT_NAME = "$(TARGET_NAME)";
				SDKROOT = watchos;
				SKIP_INSTALL = YES;
				SWIFT_OPTIMIZATION_LEVEL = "-Onone";
				SWIFT_VERSION = 3.0;
				TARGETED_DEVICE_FAMILY = 4;
				WATCHOS_DEPLOYMENT_TARGET = 3.0;
			};
			name = Debug;
		};
		FB82E01C1F525F37000BF19D /* Release */ = {
			isa = XCBuildConfiguration;
			buildSettings = {
				ALWAYS_EMBED_SWIFT_STANDARD_LIBRARIES = YES;
				ASSETCATALOG_COMPILER_APPICON_NAME = AppIcon;
				CLANG_ENABLE_MODULES = YES;
				DEVELOPMENT_TEAM = AV84QJNZ49;
				IBSC_MODULE = BOINC_WatchKit_App_Extension;
				INFOPLIST_FILE = "BOINC WatchKit App/Info.plist";
				LD_RUNPATH_SEARCH_PATHS = "$(inherited) @executable_path/../Frameworks @loader_path/../Frameworks";
				MARKETING_VERSION = 1.29;
				PRODUCT_BUNDLE_IDENTIFIER = "com.Austin-Conlon-BOINC.watchkitapp";
				PRODUCT_NAME = "$(TARGET_NAME)";
				SDKROOT = watchos;
				SKIP_INSTALL = YES;
				SWIFT_VERSION = 3.0;
				TARGETED_DEVICE_FAMILY = 4;
				WATCHOS_DEPLOYMENT_TARGET = 3.0;
			};
			name = Release;
		};
		FB82E01D1F525F37000BF19D /* Debug */ = {
			isa = XCBuildConfiguration;
			buildSettings = {
				ASSETCATALOG_COMPILER_COMPLICATION_NAME = Complication;
				CLANG_ENABLE_MODULES = YES;
				DEVELOPMENT_TEAM = AV84QJNZ49;
				INFOPLIST_FILE = "BOINC WatchKit App Extension/Info.plist";
				LD_RUNPATH_SEARCH_PATHS = "$(inherited) @executable_path/Frameworks @executable_path/../../Frameworks";
				MARKETING_VERSION = 1.29;
				PRODUCT_BUNDLE_IDENTIFIER = "com.Austin-Conlon-BOINC.watchkitapp.watchkitextension";
				PRODUCT_NAME = "${TARGET_NAME}";
				SDKROOT = watchos;
				SKIP_INSTALL = YES;
				SWIFT_OBJC_BRIDGING_HEADER = "BOINC WatchKit App Extension/BOINC WatchKit App Extension-Bridging-Header.h";
				SWIFT_OPTIMIZATION_LEVEL = "-Onone";
				SWIFT_SWIFT3_OBJC_INFERENCE = On;
				SWIFT_VERSION = 5.0;
				TARGETED_DEVICE_FAMILY = 4;
				WATCHOS_DEPLOYMENT_TARGET = 3.0;
			};
			name = Debug;
		};
		FB82E01E1F525F37000BF19D /* Release */ = {
			isa = XCBuildConfiguration;
			buildSettings = {
				ASSETCATALOG_COMPILER_COMPLICATION_NAME = Complication;
				CLANG_ENABLE_MODULES = YES;
				DEVELOPMENT_TEAM = AV84QJNZ49;
				INFOPLIST_FILE = "BOINC WatchKit App Extension/Info.plist";
				LD_RUNPATH_SEARCH_PATHS = "$(inherited) @executable_path/Frameworks @executable_path/../../Frameworks";
				MARKETING_VERSION = 1.29;
				PRODUCT_BUNDLE_IDENTIFIER = "com.Austin-Conlon-BOINC.watchkitapp.watchkitextension";
				PRODUCT_NAME = "${TARGET_NAME}";
				SDKROOT = watchos;
				SKIP_INSTALL = YES;
				SWIFT_OBJC_BRIDGING_HEADER = "BOINC WatchKit App Extension/BOINC WatchKit App Extension-Bridging-Header.h";
				SWIFT_SWIFT3_OBJC_INFERENCE = On;
				SWIFT_VERSION = 5.0;
				TARGETED_DEVICE_FAMILY = 4;
				WATCHOS_DEPLOYMENT_TARGET = 3.0;
			};
			name = Release;
		};
/* End XCBuildConfiguration section */

/* Begin XCConfigurationList section */
		FB592D881F24EE5A00FD6341 /* Build configuration list for PBXProject "BOINC" */ = {
			isa = XCConfigurationList;
			buildConfigurations = (
				FB592DD61F24EE5B00FD6341 /* Debug */,
				FB592DD71F24EE5B00FD6341 /* Release */,
			);
			defaultConfigurationIsVisible = 0;
			defaultConfigurationName = Release;
		};
		FB592DE01F24EE5B00FD6341 /* Build configuration list for PBXNativeTarget "BOINC" */ = {
			isa = XCConfigurationList;
			buildConfigurations = (
				FB592DE11F24EE5B00FD6341 /* Debug */,
				FB592DE21F24EE5B00FD6341 /* Release */,
			);
			defaultConfigurationIsVisible = 0;
			defaultConfigurationName = Release;
		};
		FB82E01F1F525F37000BF19D /* Build configuration list for PBXNativeTarget "BOINC WatchKit App Extension" */ = {
			isa = XCConfigurationList;
			buildConfigurations = (
				FB82E01D1F525F37000BF19D /* Debug */,
				FB82E01E1F525F37000BF19D /* Release */,
			);
			defaultConfigurationIsVisible = 0;
			defaultConfigurationName = Release;
		};
		FB82E0211F525F37000BF19D /* Build configuration list for PBXNativeTarget "BOINC WatchKit App" */ = {
			isa = XCConfigurationList;
			buildConfigurations = (
				FB82E01B1F525F37000BF19D /* Debug */,
				FB82E01C1F525F37000BF19D /* Release */,
			);
			defaultConfigurationIsVisible = 0;
			defaultConfigurationName = Release;
		};
/* End XCConfigurationList section */
	};
	rootObject = FB592D851F24EE5A00FD6341 /* Project object */;
}
